
Microsoft Visual Studio Solution File, Format Version 12.00
# Visual Studio 15
VisualStudioVersion = 15.0.27004.2005
MinimumVisualStudioVersion = 10.0.40219.1
Project("{FAE04EC0-301F-11D3-BF4B-00C04F79EFBC}") = "Desktop", "Desktop\Desktop.csproj", "{E210BD7C-CF1C-4694-8010-1A333DECE66F}"
EndProject
Global
	GlobalSection(SolutionConfigurationPlatforms) = preSolution
		Debug|Any CPU = Debug|Any CPU
		Release|Any CPU = Release|Any CPU
	EndGlobalSection
	GlobalSection(ProjectConfigurationPlatforms) = postSolution
		{E210BD7C-CF1C-4694-8010-1A333DECE66F}.Debug|Any CPU.ActiveCfg = Debug|Any CPU
		{E210BD7C-CF1C-4694-8010-1A333DECE66F}.Debug|Any CPU.Build.0 = Debug|Any CPU
		{E210BD7C-CF1C-4694-8010-1A333DECE66F}.Release|Any CPU.ActiveCfg = Release|Any CPU
		{E210BD7C-CF1C-4694-8010-1A333DECE66F}.Release|Any CPU.Build.0 = Release|Any CPU
	EndGlobalSection
	GlobalSection(SolutionProperties) = preSolution
		HideSolutionNode = FALSE
	EndGlobalSection
	GlobalSection(ExtensibilityGlobals) = postSolution
		SolutionGuid = {24FE0952-EFBC-4326-8FE3-28B1B5F1F0A3}
	EndGlobalSection
EndGlobal
